
Microsoft Visual Studio Solution File, Format Version 12.00
# Visual Studio Version 17
VisualStudioVersion = 17.5.002.0
MinimumVisualStudioVersion = 10.0.40219.1
Project("{9A19103F-16F7-4668-BE54-9A1E7A4F7556}") = "desafio", "desafio\desafio.csproj", "{89BCF607-D46A-44C1-9DC3-6474403A6781}"
EndProject
Global
	GlobalSection(SolutionConfigurationPlatforms) = preSolution
		Debug|Any CPU = Debug|Any CPU
		Release|Any CPU = Release|Any CPU
	EndGlobalSection
	GlobalSection(ProjectConfigurationPlatforms) = postSolution
		{89BCF607-D46A-44C1-9DC3-6474403A6781}.Debug|Any CPU.ActiveCfg = Debug|Any CPU
		{89BCF607-D46A-44C1-9DC3-6474403A6781}.Debug|Any CPU.Build.0 = Debug|Any CPU
		{89BCF607-D46A-44C1-9DC3-6474403A6781}.Release|Any CPU.ActiveCfg = Release|Any CPU
		{89BCF607-D46A-44C1-9DC3-6474403A6781}.Release|Any CPU.Build.0 = Release|Any CPU
	EndGlobalSection
	GlobalSection(SolutionProperties) = preSolution
		HideSolutionNode = FALSE
	EndGlobalSection
	GlobalSection(ExtensibilityGlobals) = postSolution
		SolutionGuid = {589883D8-7843-498A-ABF6-F93EDE7A7D23}
	EndGlobalSection
EndGlobal
